
Microsoft Visual Studio Solution File, Format Version 12.00
# Visual Studio Version 17
VisualStudioVersion = 17.5.33530.505
MinimumVisualStudioVersion = 10.0.40219.1
Project("{FAE04EC0-301F-11D3-BF4B-00C04F79EFBC}") = "Goods", "Goods\Goods.csproj", "{8E7EEF9B-271E-42BB-900F-E29C47EECA41}"
EndProject
Global
	GlobalSection(SolutionConfigurationPlatforms) = preSolution
		Debug|Any CPU = Debug|Any CPU
		Release|Any CPU = Release|Any CPU
	EndGlobalSection
	GlobalSection(ProjectConfigurationPlatforms) = postSolution
		{8E7EEF9B-271E-42BB-900F-E29C47EECA41}.Debug|Any CPU.ActiveCfg = Debug|Any CPU
		{8E7EEF9B-271E-42BB-900F-E29C47EECA41}.Debug|Any CPU.Build.0 = Debug|Any CPU
		{8E7EEF9B-271E-42BB-900F-E29C47EECA41}.Release|Any CPU.ActiveCfg = Release|Any CPU
		{8E7EEF9B-271E-42BB-900F-E29C47EECA41}.Release|Any CPU.Build.0 = Release|Any CPU
	EndGlobalSection
	GlobalSection(SolutionProperties) = preSolution
		HideSolutionNode = FALSE
	EndGlobalSection
	GlobalSection(ExtensibilityGlobals) = postSolution
		SolutionGuid = {2C901F43-1C39-4D84-9B74-C796D79177B1}
	EndGlobalSection
EndGlobal
